
Microsoft Visual Studio Solution File, Format Version 12.00
# Visual Studio Version 17
VisualStudioVersion = 17.0.31903.59
MinimumVisualStudioVersion = 10.0.40219.1
Project("{2150E333-8FDC-42A3-9474-1A3956D46DE8}") = "src", "src", "{827E0CD3-B72D-47B6-A68D-7590B98EB39B}"
EndProject
Project("{FAE04EC0-301F-11D3-BF4B-00C04F79EFBC}") = "AtomicArt.Domain", "src\AtomicArt.Domain\AtomicArt.Domain.csproj", "{3B865CF2-9A35-45A6-B7CC-BFDF8497159D}"
EndProject
Project("{FAE04EC0-301F-11D3-BF4B-00C04F79EFBC}") = "AtomicArt.Application", "src\AtomicArt.Application\AtomicArt.Application.csproj", "{10B6A720-93AC-40AC-8F13-DDC1D2678BEF}"
EndProject
Project("{FAE04EC0-301F-11D3-BF4B-00C04F79EFBC}") = "AtomicArt.Infrastructure", "src\AtomicArt.Infrastructure\AtomicArt.Infrastructure.csproj", "{6E5BA5CA-E15B-405E-969E-CE6E07FD496A}"
EndProject
Project("{FAE04EC0-301F-11D3-BF4B-00C04F79EFBC}") = "AtomicArt.Api", "src\AtomicArt.Api\AtomicArt.Api.csproj", "{696901AD-5B2A-40E9-8638-FA0158E2273F}"
EndProject
Project("{FAE04EC0-301F-11D3-BF4B-00C04F79EFBC}") = "AtomicArt.Desktop", "src\AtomicArt.Desktop\AtomicArt.Desktop.csproj", "{6DD4D68C-0352-462B-B2BB-3A802AC5502D}"
EndProject
Project("{2150E333-8FDC-42A3-9474-1A3956D46DE8}") = "tests", "tests", "{0AB3BF05-4346-4AA6-1389-037BE0695223}"
EndProject
Project("{FAE04EC0-301F-11D3-BF4B-00C04F79EFBC}") = "AtomicArt.Domain.Tests", "tests\AtomicArt.Domain.Tests\AtomicArt.Domain.Tests.csproj", "{DFFFF103-A8EE-4FA7-9F75-52240724E25B}"
EndProject
Project("{FAE04EC0-301F-11D3-BF4B-00C04F79EFBC}") = "AtomicArt.Application.Tests", "tests\AtomicArt.Application.Tests\AtomicArt.Application.Tests.csproj", "{675AB718-9081-43C9-BF9B-D3DAD29334A5}"
EndProject
Project("{FAE04EC0-301F-11D3-BF4B-00C04F79EFBC}") = "AtomicArt.Infrastructure.Tests", "tests\AtomicArt.Infrastructure.Tests\AtomicArt.Infrastructure.Tests.csproj", "{C4D33EC8-8161-400E-A781-37C1AB0BC3E8}"
EndProject
Project("{FAE04EC0-301F-11D3-BF4B-00C04F79EFBC}") = "AtomicArt.Api.Tests", "tests\AtomicArt.Api.Tests\AtomicArt.Api.Tests.csproj", "{01787F0B-4335-444A-9176-7DB42ECC0C23}"
EndProject
Project("{FAE04EC0-301F-11D3-BF4B-00C04F79EFBC}") = "AtomicArt.Desktop.Tests", "tests\AtomicArt.Desktop.Tests\AtomicArt.Desktop.Tests.csproj", "{D951469D-7A76-482C-9216-3AF7FB5B5B82}"
EndProject
Project("{FAE04EC0-301F-11D3-BF4B-00C04F79EFBC}") = "AtomicArt.Contracts.Tests", "tests\AtomicArt.Contracts.Tests\AtomicArt.Contracts.Tests.csproj", "{62F97640-EFCA-45D8-AA4C-1BD6D5C1BB32}"
EndProject
Project("{FAE04EC0-301F-11D3-BF4B-00C04F79EFBC}") = "AtomicArt.Contracts", "src\AtomicArt.Contracts\AtomicArt.Contracts.csproj", "{8D27BAFC-A450-4CE3-A109-5B40A1A5D71F}"
EndProject
Project("{FAE04EC0-301F-11D3-BF4B-00C04F79EFBC}") = "Pica.Protocol", "src\Pica.Protocol\Pica.Protocol.csproj", "{505FCFCB-142C-494F-A0BC-7A77B145AE71}"
EndProject
Project("{FAE04EC0-301F-11D3-BF4B-00C04F79EFBC}") = "Pica.Desktop", "src\Pica.Desktop\Pica.Desktop.csproj", "{16299748-BD3E-4B4A-99EA-57CB61D292A2}"
EndProject
Project("{FAE04EC0-301F-11D3-BF4B-00C04F79EFBC}") = "Pica.Protocol.Tests", "tests\Pica.Protocol.Tests\Pica.Protocol.Tests.csproj", "{AAC25964-733F-4E62-96C4-AB92B46D30C7}"
EndProject
Project("{FAE04EC0-301F-11D3-BF4B-00C04F79EFBC}") = "Pica.Desktop.Tests", "tests\Pica.Desktop.Tests\Pica.Desktop.Tests.csproj", "{FC6FEE92-1F04-413F-90BF-A0FA8C54183D}"
EndProject
Project("{FAE04EC0-301F-11D3-BF4B-00C04F79EFBC}") = "Pica.Client", "src\Pica.Client\Pica.Client.csproj", "{9E1BBB2E-F955-4A2F-891E-D65DFD2E8F49}"
EndProject
Project("{FAE04EC0-301F-11D3-BF4B-00C04F79EFBC}") = "Pica.Client.Tests", "tests\Pica.Client.Tests\Pica.Client.Tests.csproj", "{754EC3F2-6605-48C8-A222-306CE43A92BB}"
EndProject
Project("{FAE04EC0-301F-11D3-BF4B-00C04F79EFBC}") = "Pica.Viewer", "src\Pica.Viewer\Pica.Viewer.csproj", "{63243BB2-7BF5-4B06-8BE9-A41E4B820FBB}"
EndProject
Project("{FAE04EC0-301F-11D3-BF4B-00C04F79EFBC}") = "Pica.Viewer.Tests", "tests\Pica.Viewer.Tests\Pica.Viewer.Tests.csproj", "{1834E1DA-D490-4BF1-AE46-D7BF9EE8F6CF}"
EndProject
Project("{FAE04EC0-301F-11D3-BF4B-00C04F79EFBC}") = "AtomicArt.Tests.Common", "tests\AtomicArt.Tests.Common\AtomicArt.Tests.Common.csproj", "{4D33FF4C-0B95-408A-B1EF-624A14287736}"
EndProject
Project("{FAE04EC0-301F-11D3-BF4B-00C04F79EFBC}") = "AtomicArt.Avalonia.Tests.Common", "tests\AtomicArt.Avalonia.Tests.Common\AtomicArt.Avalonia.Tests.Common.csproj", "{165C299E-E3C7-4D34-9F75-949D11870ADE}"
EndProject
Project("{FAE04EC0-301F-11D3-BF4B-00C04F79EFBC}") = "Pica.Tests.Common", "tests\Pica.Tests.Common\Pica.Tests.Common.csproj", "{EB730758-C587-45A3-8F34-54BE23DC053E}"
EndProject
Global
	GlobalSection(SolutionConfigurationPlatforms) = preSolution
		Debug|Any CPU = Debug|Any CPU
		Debug|x64 = Debug|x64
		Debug|x86 = Debug|x86
		Release|Any CPU = Release|Any CPU
		Release|x64 = Release|x64
		Release|x86 = Release|x86
	EndGlobalSection
	GlobalSection(ProjectConfigurationPlatforms) = postSolution
		{3B865CF2-9A35-45A6-B7CC-BFDF8497159D}.Debug|Any CPU.ActiveCfg = Debug|Any CPU
		{3B865CF2-9A35-45A6-B7CC-BFDF8497159D}.Debug|Any CPU.Build.0 = Debug|Any CPU
		{3B865CF2-9A35-45A6-B7CC-BFDF8497159D}.Debug|x64.ActiveCfg = Debug|Any CPU
		{3B865CF2-9A35-45A6-B7CC-BFDF8497159D}.Debug|x64.Build.0 = Debug|Any CPU
		{3B865CF2-9A35-45A6-B7CC-BFDF8497159D}.Debug|x86.ActiveCfg = Debug|Any CPU
		{3B865CF2-9A35-45A6-B7CC-BFDF8497159D}.Debug|x86.Build.0 = Debug|Any CPU
		{3B865CF2-9A35-45A6-B7CC-BFDF8497159D}.Release|Any CPU.ActiveCfg = Release|Any CPU
		{3B865CF2-9A35-45A6-B7CC-BFDF8497159D}.Release|Any CPU.Build.0 = Release|Any CPU
		{3B865CF2-9A35-45A6-B7CC-BFDF8497159D}.Release|x64.ActiveCfg = Release|Any CPU
		{3B865CF2-9A35-45A6-B7CC-BFDF8497159D}.Release|x64.Build.0 = Release|Any CPU
		{3B865CF2-9A35-45A6-B7CC-BFDF8497159D}.Release|x86.ActiveCfg = Release|Any CPU
		{3B865CF2-9A35-45A6-B7CC-BFDF8497159D}.Release|x86.Build.0 = Release|Any CPU
		{10B6A720-93AC-40AC-8F13-DDC1D2678BEF}.Debug|Any CPU.ActiveCfg = Debug|Any CPU
		{10B6A720-93AC-40AC-8F13-DDC1D2678BEF}.Debug|Any CPU.Build.0 = Debug|Any CPU
		{10B6A720-93AC-40AC-8F13-DDC1D2678BEF}.Debug|x64.ActiveCfg = Debug|Any CPU
		{10B6A720-93AC-40AC-8F13-DDC1D2678BEF}.Debug|x64.Build.0 = Debug|Any CPU
		{10B6A720-93AC-40AC-8F13-DDC1D2678BEF}.Debug|x86.ActiveCfg = Debug|Any CPU
		{10B6A720-93AC-40AC-8F13-DDC1D2678BEF}.Debug|x86.Build.0 = Debug|Any CPU
		{10B6A720-93AC-40AC-8F13-DDC1D2678BEF}.Release|Any CPU.ActiveCfg = Release|Any CPU
		{10B6A720-93AC-40AC-8F13-DDC1D2678BEF}.Release|Any CPU.Build.0 = Release|Any CPU
		{10B6A720-93AC-40AC-8F13-DDC1D2678BEF}.Release|x64.ActiveCfg = Release|Any CPU
		{10B6A720-93AC-40AC-8F13-DDC1D2678BEF}.Release|x64.Build.0 = Release|Any CPU
		{10B6A720-93AC-40AC-8F13-DDC1D2678BEF}.Release|x86.ActiveCfg = Release|Any CPU
		{10B6A720-93AC-40AC-8F13-DDC1D2678BEF}.Release|x86.Build.0 = Release|Any CPU
		{6E5BA5CA-E15B-405E-969E-CE6E07FD496A}.Debug|Any CPU.ActiveCfg = Debug|Any CPU
		{6E5BA5CA-E15B-405E-969E-CE6E07FD496A}.Debug|Any CPU.Build.0 = Debug|Any CPU
		{6E5BA5CA-E15B-405E-969E-CE6E07FD496A}.Debug|x64.ActiveCfg = Debug|Any CPU
		{6E5BA5CA-E15B-405E-969E-CE6E07FD496A}.Debug|x64.Build.0 = Debug|Any CPU
		{6E5BA5CA-E15B-405E-969E-CE6E07FD496A}.Debug|x86.ActiveCfg = Debug|Any CPU
		{6E5BA5CA-E15B-405E-969E-CE6E07FD496A}.Debug|x86.Build.0 = Debug|Any CPU
		{6E5BA5CA-E15B-405E-969E-CE6E07FD496A}.Release|Any CPU.ActiveCfg = Release|Any CPU
		{6E5BA5CA-E15B-405E-969E-CE6E07FD496A}.Release|Any CPU.Build.0 = Release|Any CPU
		{6E5BA5CA-E15B-405E-969E-CE6E07FD496A}.Release|x64.ActiveCfg = Release|Any CPU
		{6E5BA5CA-E15B-405E-969E-CE6E07FD496A}.Release|x64.Build.0 = Release|Any CPU
		{6E5BA5CA-E15B-405E-969E-CE6E07FD496A}.Release|x86.ActiveCfg = Release|Any CPU
		{6E5BA5CA-E15B-405E-969E-CE6E07FD496A}.Release|x86.Build.0 = Release|Any CPU
		{696901AD-5B2A-40E9-8638-FA0158E2273F}.Debug|Any CPU.ActiveCfg = Debug|Any CPU
		{696901AD-5B2A-40E9-8638-FA0158E2273F}.Debug|Any CPU.Build.0 = Debug|Any CPU
		{696901AD-5B2A-40E9-8638-FA0158E2273F}.Debug|x64.ActiveCfg = Debug|Any CPU
		{696901AD-5B2A-40E9-8638-FA0158E2273F}.Debug|x64.Build.0 = Debug|Any CPU
		{696901AD-5B2A-40E9-8638-FA0158E2273F}.Debug|x86.ActiveCfg = Debug|Any CPU
		{696901AD-5B2A-40E9-8638-FA0158E2273F}.Debug|x86.Build.0 = Debug|Any CPU
		{696901AD-5B2A-40E9-8638-FA0158E2273F}.Release|Any CPU.ActiveCfg = Release|Any CPU
		{696901AD-5B2A-40E9-8638-FA0158E2273F}.Release|Any CPU.Build.0 = Release|Any CPU
		{696901AD-5B2A-40E9-8638-FA0158E2273F}.Release|x64.ActiveCfg = Release|Any CPU
		{696901AD-5B2A-40E9-8638-FA0158E2273F}.Release|x64.Build.0 = Release|Any CPU
		{696901AD-5B2A-40E9-8638-FA0158E2273F}.Release|x86.ActiveCfg = Release|Any CPU
		{696901AD-5B2A-40E9-8638-FA0158E2273F}.Release|x86.Build.0 = Release|Any CPU
		{6DD4D68C-0352-462B-B2BB-3A802AC5502D}.Debug|Any CPU.ActiveCfg = Debug|Any CPU
		{6DD4D68C-0352-462B-B2BB-3A802AC5502D}.Debug|Any CPU.Build.0 = Debug|Any CPU
		{6DD4D68C-0352-462B-B2BB-3A802AC5502D}.Debug|x64.ActiveCfg = Debug|Any CPU
		{6DD4D68C-0352-462B-B2BB-3A802AC5502D}.Debug|x64.Build.0 = Debug|Any CPU
		{6DD4D68C-0352-462B-B2BB-3A802AC5502D}.Debug|x86.ActiveCfg = Debug|Any CPU
		{6DD4D68C-0352-462B-B2BB-3A802AC5502D}.Debug|x86.Build.0 = Debug|Any CPU
		{6DD4D68C-0352-462B-B2BB-3A802AC5502D}.Release|Any CPU.ActiveCfg = Release|Any CPU
		{6DD4D68C-0352-462B-B2BB-3A802AC5502D}.Release|Any CPU.Build.0 = Release|Any CPU
		{6DD4D68C-0352-462B-B2BB-3A802AC5502D}.Release|x64.ActiveCfg = Release|Any CPU
		{6DD4D68C-0352-462B-B2BB-3A802AC5502D}.Release|x64.Build.0 = Release|Any CPU
		{6DD4D68C-0352-462B-B2BB-3A802AC5502D}.Release|x86.ActiveCfg = Release|Any CPU
		{6DD4D68C-0352-462B-B2BB-3A802AC5502D}.Release|x86.Build.0 = Release|Any CPU
		{DFFFF103-A8EE-4FA7-9F75-52240724E25B}.Debug|Any CPU.ActiveCfg = Debug|Any CPU
		{DFFFF103-A8EE-4FA7-9F75-52240724E25B}.Debug|Any CPU.Build.0 = Debug|Any CPU
		{DFFFF103-A8EE-4FA7-9F75-52240724E25B}.Debug|x64.ActiveCfg = Debug|Any CPU
		{DFFFF103-A8EE-4FA7-9F75-52240724E25B}.Debug|x64.Build.0 = Debug|Any CPU
		{DFFFF103-A8EE-4FA7-9F75-52240724E25B}.Debug|x86.ActiveCfg = Debug|Any CPU
		{DFFFF103-A8EE-4FA7-9F75-52240724E25B}.Debug|x86.Build.0 = Debug|Any CPU
		{DFFFF103-A8EE-4FA7-9F75-52240724E25B}.Release|Any CPU.ActiveCfg = Release|Any CPU
		{DFFFF103-A8EE-4FA7-9F75-52240724E25B}.Release|Any CPU.Build.0 = Release|Any CPU
		{DFFFF103-A8EE-4FA7-9F75-52240724E25B}.Release|x64.ActiveCfg = Release|Any CPU
		{DFFFF103-A8EE-4FA7-9F75-52240724E25B}.Release|x64.Build.0 = Release|Any CPU
		{DFFFF103-A8EE-4FA7-9F75-52240724E25B}.Release|x86.ActiveCfg = Release|Any CPU
		{DFFFF103-A8EE-4FA7-9F75-52240724E25B}.Release|x86.Build.0 = Release|Any CPU
		{675AB718-9081-43C9-BF9B-D3DAD29334A5}.Debug|Any CPU.ActiveCfg = Debug|Any CPU
		{675AB718-9081-43C9-BF9B-D3DAD29334A5}.Debug|Any CPU.Build.0 = Debug|Any CPU
		{675AB718-9081-43C9-BF9B-D3DAD29334A5}.Debug|x64.ActiveCfg = Debug|Any CPU
		{675AB718-9081-43C9-BF9B-D3DAD29334A5}.Debug|x64.Build.0 = Debug|Any CPU
		{675AB718-9081-43C9-BF9B-D3DAD29334A5}.Debug|x86.ActiveCfg = Debug|Any CPU
		{675AB718-9081-43C9-BF9B-D3DAD29334A5}.Debug|x86.Build.0 = Debug|Any CPU
		{675AB718-9081-43C9-BF9B-D3DAD29334A5}.Release|Any CPU.ActiveCfg = Release|Any CPU
		{675AB718-9081-43C9-BF9B-D3DAD29334A5}.Release|Any CPU.Build.0 = Release|Any CPU
		{675AB718-9081-43C9-BF9B-D3DAD29334A5}.Release|x64.ActiveCfg = Release|Any CPU
		{675AB718-9081-43C9-BF9B-D3DAD29334A5}.Release|x64.Build.0 = Release|Any CPU
		{675AB718-9081-43C9-BF9B-D3DAD29334A5}.Release|x86.ActiveCfg = Release|Any CPU
		{675AB718-9081-43C9-BF9B-D3DAD29334A5}.Release|x86.Build.0 = Release|Any CPU
		{C4D33EC8-8161-400E-A781-37C1AB0BC3E8}.Debug|Any CPU.ActiveCfg = Debug|Any CPU
		{C4D33EC8-8161-400E-A781-37C1AB0BC3E8}.Debug|Any CPU.Build.0 = Debug|Any CPU
		{C4D33EC8-8161-400E-A781-37C1AB0BC3E8}.Debug|x64.ActiveCfg = Debug|Any CPU
		{C4D33EC8-8161-400E-A781-37C1AB0BC3E8}.Debug|x64.Build.0 = Debug|Any CPU
		{C4D33EC8-8161-400E-A781-37C1AB0BC3E8}.Debug|x86.ActiveCfg = Debug|Any CPU
		{C4D33EC8-8161-400E-A781-37C1AB0BC3E8}.Debug|x86.Build.0 = Debug|Any CPU
		{C4D33EC8-8161-400E-A781-37C1AB0BC3E8}.Release|Any CPU.ActiveCfg = Release|Any CPU
		{C4D33EC8-8161-400E-A781-37C1AB0BC3E8}.Release|Any CPU.Build.0 = Release|Any CPU
		{C4D33EC8-8161-400E-A781-37C1AB0BC3E8}.Release|x64.ActiveCfg = Release|Any CPU
		{C4D33EC8-8161-400E-A781-37C1AB0BC3E8}.Release|x64.Build.0 = Release|Any CPU
		{C4D33EC8-8161-400E-A781-37C1AB0BC3E8}.Release|x86.ActiveCfg = Release|Any CPU
		{C4D33EC8-8161-400E-A781-37C1AB0BC3E8}.Release|x86.Build.0 = Release|Any CPU
		{01787F0B-4335-444A-9176-7DB42ECC0C23}.Debug|Any CPU.ActiveCfg = Debug|Any CPU
		{01787F0B-4335-444A-9176-7DB42ECC0C23}.Debug|Any CPU.Build.0 = Debug|Any CPU
		{01787F0B-4335-444A-9176-7DB42ECC0C23}.Debug|x64.ActiveCfg = Debug|Any CPU
		{01787F0B-4335-444A-9176-7DB42ECC0C23}.Debug|x64.Build.0 = Debug|Any CPU
		{01787F0B-4335-444A-9176-7DB42ECC0C23}.Debug|x86.ActiveCfg = Debug|Any CPU
		{01787F0B-4335-444A-9176-7DB42ECC0C23}.Debug|x86.Build.0 = Debug|Any CPU
		{01787F0B-4335-444A-9176-7DB42ECC0C23}.Release|Any CPU.ActiveCfg = Release|Any CPU
		{01787F0B-4335-444A-9176-7DB42ECC0C23}.Release|Any CPU.Build.0 = Release|Any CPU
		{01787F0B-4335-444A-9176-7DB42ECC0C23}.Release|x64.ActiveCfg = Release|Any CPU
		{01787F0B-4335-444A-9176-7DB42ECC0C23}.Release|x64.Build.0 = Release|Any CPU
		{01787F0B-4335-444A-9176-7DB42ECC0C23}.Release|x86.ActiveCfg = Release|Any CPU
		{01787F0B-4335-444A-9176-7DB42ECC0C23}.Release|x86.Build.0 = Release|Any CPU
		{D951469D-7A76-482C-9216-3AF7FB5B5B82}.Debug|Any CPU.ActiveCfg = Debug|Any CPU
		{D951469D-7A76-482C-9216-3AF7FB5B5B82}.Debug|Any CPU.Build.0 = Debug|Any CPU
		{D951469D-7A76-482C-9216-3AF7FB5B5B82}.Debug|x64.ActiveCfg = Debug|Any CPU
		{D951469D-7A76-482C-9216-3AF7FB5B5B82}.Debug|x64.Build.0 = Debug|Any CPU
		{D951469D-7A76-482C-9216-3AF7FB5B5B82}.Debug|x86.ActiveCfg = Debug|Any CPU
		{D951469D-7A76-482C-9216-3AF7FB5B5B82}.Debug|x86.Build.0 = Debug|Any CPU
		{D951469D-7A76-482C-9216-3AF7FB5B5B82}.Release|Any CPU.ActiveCfg = Release|Any CPU
		{D951469D-7A76-482C-9216-3AF7FB5B5B82}.Release|Any CPU.Build.0 = Release|Any CPU
		{D951469D-7A76-482C-9216-3AF7FB5B5B82}.Release|x64.ActiveCfg = Release|Any CPU
		{D951469D-7A76-482C-9216-3AF7FB5B5B82}.Release|x64.Build.0 = Release|Any CPU
		{D951469D-7A76-482C-9216-3AF7FB5B5B82}.Release|x86.ActiveCfg = Release|Any CPU
		{D951469D-7A76-482C-9216-3AF7FB5B5B82}.Release|x86.Build.0 = Release|Any CPU
		{62F97640-EFCA-45D8-AA4C-1BD6D5C1BB32}.Debug|Any CPU.ActiveCfg = Debug|Any CPU
		{62F97640-EFCA-45D8-AA4C-1BD6D5C1BB32}.Debug|Any CPU.Build.0 = Debug|Any CPU
		{62F97640-EFCA-45D8-AA4C-1BD6D5C1BB32}.Debug|x64.ActiveCfg = Debug|Any CPU
		{62F97640-EFCA-45D8-AA4C-1BD6D5C1BB32}.Debug|x64.Build.0 = Debug|Any CPU
		{62F97640-EFCA-45D8-AA4C-1BD6D5C1BB32}.Debug|x86.ActiveCfg = Debug|Any CPU
		{62F97640-EFCA-45D8-AA4C-1BD6D5C1BB32}.Debug|x86.Build.0 = Debug|Any CPU
		{62F97640-EFCA-45D8-AA4C-1BD6D5C1BB32}.Release|Any CPU.ActiveCfg = Release|Any CPU
		{62F97640-EFCA-45D8-AA4C-1BD6D5C1BB32}.Release|Any CPU.Build.0 = Release|Any CPU
		{62F97640-EFCA-45D8-AA4C-1BD6D5C1BB32}.Release|x64.ActiveCfg = Release|Any CPU
		{62F97640-EFCA-45D8-AA4C-1BD6D5C1BB32}.Release|x64.Build.0 = Release|Any CPU
		{62F97640-EFCA-45D8-AA4C-1BD6D5C1BB32}.Release|x86.ActiveCfg = Release|Any CPU
		{62F97640-EFCA-45D8-AA4C-1BD6D5C1BB32}.Release|x86.Build.0 = Release|Any CPU
		{8D27BAFC-A450-4CE3-A109-5B40A1A5D71F}.Debug|Any CPU.ActiveCfg = Debug|Any CPU
		{8D27BAFC-A450-4CE3-A109-5B40A1A5D71F}.Debug|Any CPU.Build.0 = Debug|Any CPU
		{8D27BAFC-A450-4CE3-A109-5B40A1A5D71F}.Debug|x64.ActiveCfg = Debug|Any CPU
		{8D27BAFC-A450-4CE3-A109-5B40A1A5D71F}.Debug|x64.Build.0 = Debug|Any CPU
		{8D27BAFC-A450-4CE3-A109-5B40A1A5D71F}.Debug|x86.ActiveCfg = Debug|Any CPU
		{8D27BAFC-A450-4CE3-A109-5B40A1A5D71F}.Debug|x86.Build.0 = Debug|Any CPU
		{8D27BAFC-A450-4CE3-A109-5B40A1A5D71F}.Release|Any CPU.ActiveCfg = Release|Any CPU
		{8D27BAFC-A450-4CE3-A109-5B40A1A5D71F}.Release|Any CPU.Build.0 = Release|Any CPU
		{8D27BAFC-A450-4CE3-A109-5B40A1A5D71F}.Release|x64.ActiveCfg = Release|Any CPU
		{8D27BAFC-A450-4CE3-A109-5B40A1A5D71F}.Release|x64.Build.0 = Release|Any CPU
		{8D27BAFC-A450-4CE3-A109-5B40A1A5D71F}.Release|x86.ActiveCfg = Release|Any CPU
		{8D27BAFC-A450-4CE3-A109-5B40A1A5D71F}.Release|x86.Build.0 = Release|Any CPU
		{505FCFCB-142C-494F-A0BC-7A77B145AE71}.Debug|Any CPU.ActiveCfg = Debug|Any CPU
		{505FCFCB-142C-494F-A0BC-7A77B145AE71}.Debug|Any CPU.Build.0 = Debug|Any CPU
		{505FCFCB-142C-494F-A0BC-7A77B145AE71}.Debug|x64.ActiveCfg = Debug|Any CPU
		{505FCFCB-142C-494F-A0BC-7A77B145AE71}.Debug|x64.Build.0 = Debug|Any CPU
		{505FCFCB-142C-494F-A0BC-7A77B145AE71}.Debug|x86.ActiveCfg = Debug|Any CPU
		{505FCFCB-142C-494F-A0BC-7A77B145AE71}.Debug|x86.Build.0 = Debug|Any CPU
		{505FCFCB-142C-494F-A0BC-7A77B145AE71}.Release|Any CPU.ActiveCfg = Release|Any CPU
		{505FCFCB-142C-494F-A0BC-7A77B145AE71}.Release|Any CPU.Build.0 = Release|Any CPU
		{505FCFCB-142C-494F-A0BC-7A77B145AE71}.Release|x64.ActiveCfg = Release|Any CPU
		{505FCFCB-142C-494F-A0BC-7A77B145AE71}.Release|x64.Build.0 = Release|Any CPU
		{505FCFCB-142C-494F-A0BC-7A77B145AE71}.Release|x86.ActiveCfg = Release|Any CPU
		{505FCFCB-142C-494F-A0BC-7A77B145AE71}.Release|x86.Build.0 = Release|Any CPU
		{16299748-BD3E-4B4A-99EA-57CB61D292A2}.Debug|Any CPU.ActiveCfg = Debug|Any CPU
		{16299748-BD3E-4B4A-99EA-57CB61D292A2}.Debug|Any CPU.Build.0 = Debug|Any CPU
		{16299748-BD3E-4B4A-99EA-57CB61D292A2}.Debug|x64.ActiveCfg = Debug|Any CPU
		{16299748-BD3E-4B4A-99EA-57CB61D292A2}.Debug|x64.Build.0 = Debug|Any CPU
		{16299748-BD3E-4B4A-99EA-57CB61D292A2}.Debug|x86.ActiveCfg = Debug|Any CPU
		{16299748-BD3E-4B4A-99EA-57CB61D292A2}.Debug|x86.Build.0 = Debug|Any CPU
		{16299748-BD3E-4B4A-99EA-57CB61D292A2}.Release|Any CPU.ActiveCfg = Release|Any CPU
		{16299748-BD3E-4B4A-99EA-57CB61D292A2}.Release|Any CPU.Build.0 = Release|Any CPU
		{16299748-BD3E-4B4A-99EA-57CB61D292A2}.Release|x64.ActiveCfg = Release|Any CPU
		{16299748-BD3E-4B4A-99EA-57CB61D292A2}.Release|x64.Build.0 = Release|Any CPU
		{16299748-BD3E-4B4A-99EA-57CB61D292A2}.Release|x86.ActiveCfg = Release|Any CPU
		{16299748-BD3E-4B4A-99EA-57CB61D292A2}.Release|x86.Build.0 = Release|Any CPU
		{AAC25964-733F-4E62-96C4-AB92B46D30C7}.Debug|Any CPU.ActiveCfg = Debug|Any CPU
		{AAC25964-733F-4E62-96C4-AB92B46D30C7}.Debug|Any CPU.Build.0 = Debug|Any CPU
		{AAC25964-733F-4E62-96C4-AB92B46D30C7}.Debug|x64.ActiveCfg = Debug|Any CPU
		{AAC25964-733F-4E62-96C4-AB92B46D30C7}.Debug|x64.Build.0 = Debug|Any CPU
		{AAC25964-733F-4E62-96C4-AB92B46D30C7}.Debug|x86.ActiveCfg = Debug|Any CPU
		{AAC25964-733F-4E62-96C4-AB92B46D30C7}.Debug|x86.Build.0 = Debug|Any CPU
		{AAC25964-733F-4E62-96C4-AB92B46D30C7}.Release|Any CPU.ActiveCfg = Release|Any CPU
		{AAC25964-733F-4E62-96C4-AB92B46D30C7}.Release|Any CPU.Build.0 = Release|Any CPU
		{AAC25964-733F-4E62-96C4-AB92B46D30C7}.Release|x64.ActiveCfg = Release|Any CPU
		{AAC25964-733F-4E62-96C4-AB92B46D30C7}.Release|x64.Build.0 = Release|Any CPU
		{AAC25964-733F-4E62-96C4-AB92B46D30C7}.Release|x86.ActiveCfg = Release|Any CPU
		{AAC25964-733F-4E62-96C4-AB92B46D30C7}.Release|x86.Build.0 = Release|Any CPU
		{FC6FEE92-1F04-413F-90BF-A0FA8C54183D}.Debug|Any CPU.ActiveCfg = Debug|Any CPU
		{FC6FEE92-1F04-413F-90BF-A0FA8C54183D}.Debug|Any CPU.Build.0 = Debug|Any CPU
		{FC6FEE92-1F04-413F-90BF-A0FA8C54183D}.Debug|x64.ActiveCfg = Debug|Any CPU
		{FC6FEE92-1F04-413F-90BF-A0FA8C54183D}.Debug|x64.Build.0 = Debug|Any CPU
		{FC6FEE92-1F04-413F-90BF-A0FA8C54183D}.Debug|x86.ActiveCfg = Debug|Any CPU
		{FC6FEE92-1F04-413F-90BF-A0FA8C54183D}.Debug|x86.Build.0 = Debug|Any CPU
		{FC6FEE92-1F04-413F-90BF-A0FA8C54183D}.Release|Any CPU.ActiveCfg = Release|Any CPU
		{FC6FEE92-1F04-413F-90BF-A0FA8C54183D}.Release|Any CPU.Build.0 = Release|Any CPU
		{FC6FEE92-1F04-413F-90BF-A0FA8C54183D}.Release|x64.ActiveCfg = Release|Any CPU
		{FC6FEE92-1F04-413F-90BF-A0FA8C54183D}.Release|x64.Build.0 = Release|Any CPU
		{FC6FEE92-1F04-413F-90BF-A0FA8C54183D}.Release|x86.ActiveCfg = Release|Any CPU
		{FC6FEE92-1F04-413F-90BF-A0FA8C54183D}.Release|x86.Build.0 = Release|Any CPU
		{9E1BBB2E-F955-4A2F-891E-D65DFD2E8F49}.Debug|Any CPU.ActiveCfg = Debug|Any CPU
		{9E1BBB2E-F955-4A2F-891E-D65DFD2E8F49}.Debug|Any CPU.Build.0 = Debug|Any CPU
		{9E1BBB2E-F955-4A2F-891E-D65DFD2E8F49}.Debug|x64.ActiveCfg = Debug|Any CPU
		{9E1BBB2E-F955-4A2F-891E-D65DFD2E8F49}.Debug|x64.Build.0 = Debug|Any CPU
		{9E1BBB2E-F955-4A2F-891E-D65DFD2E8F49}.Debug|x86.ActiveCfg = Debug|Any CPU
		{9E1BBB2E-F955-4A2F-891E-D65DFD2E8F49}.Debug|x86.Build.0 = Debug|Any CPU
		{9E1BBB2E-F955-4A2F-891E-D65DFD2E8F49}.Release|Any CPU.ActiveCfg = Release|Any CPU
		{9E1BBB2E-F955-4A2F-891E-D65DFD2E8F49}.Release|Any CPU.Build.0 = Release|Any CPU
		{9E1BBB2E-F955-4A2F-891E-D65DFD2E8F49}.Release|x64.ActiveCfg = Release|Any CPU
		{9E1BBB2E-F955-4A2F-891E-D65DFD2E8F49}.Release|x64.Build.0 = Release|Any CPU
		{9E1BBB2E-F955-4A2F-891E-D65DFD2E8F49}.Release|x86.ActiveCfg = Release|Any CPU
		{9E1BBB2E-F955-4A2F-891E-D65DFD2E8F49}.Release|x86.Build.0 = Release|Any CPU
		{754EC3F2-6605-48C8-A222-306CE43A92BB}.Debug|Any CPU.ActiveCfg = Debug|Any CPU
		{754EC3F2-6605-48C8-A222-306CE43A92BB}.Debug|Any CPU.Build.0 = Debug|Any CPU
		{754EC3F2-6605-48C8-A222-306CE43A92BB}.Debug|x64.ActiveCfg = Debug|Any CPU
		{754EC3F2-6605-48C8-A222-306CE43A92BB}.Debug|x64.Build.0 = Debug|Any CPU
		{754EC3F2-6605-48C8-A222-306CE43A92BB}.Debug|x86.ActiveCfg = Debug|Any CPU
		{754EC3F2-6605-48C8-A222-306CE43A92BB}.Debug|x86.Build.0 = Debug|Any CPU
		{754EC3F2-6605-48C8-A222-306CE43A92BB}.Release|Any CPU.ActiveCfg = Release|Any CPU
		{754EC3F2-6605-48C8-A222-306CE43A92BB}.Release|Any CPU.Build.0 = Release|Any CPU
		{754EC3F2-6605-48C8-A222-306CE43A92BB}.Release|x64.ActiveCfg = Release|Any CPU
		{754EC3F2-6605-48C8-A222-306CE43A92BB}.Release|x64.Build.0 = Release|Any CPU
		{754EC3F2-6605-48C8-A222-306CE43A92BB}.Release|x86.ActiveCfg = Release|Any CPU
		{754EC3F2-6605-48C8-A222-306CE43A92BB}.Release|x86.Build.0 = Release|Any CPU
		{63243BB2-7BF5-4B06-8BE9-A41E4B820FBB}.Debug|Any CPU.ActiveCfg = Debug|Any CPU
		{63243BB2-7BF5-4B06-8BE9-A41E4B820FBB}.Debug|Any CPU.Build.0 = Debug|Any CPU
		{63243BB2-7BF5-4B06-8BE9-A41E4B820FBB}.Debug|x64.ActiveCfg = Debug|Any CPU
		{63243BB2-7BF5-4B06-8BE9-A41E4B820FBB}.Debug|x64.Build.0 = Debug|Any CPU
		{63243BB2-7BF5-4B06-8BE9-A41E4B820FBB}.Debug|x86.ActiveCfg = Debug|Any CPU
		{63243BB2-7BF5-4B06-8BE9-A41E4B820FBB}.Debug|x86.Build.0 = Debug|Any CPU
		{63243BB2-7BF5-4B06-8BE9-A41E4B820FBB}.Release|Any CPU.ActiveCfg = Release|Any CPU
		{63243BB2-7BF5-4B06-8BE9-A41E4B820FBB}.Release|Any CPU.Build.0 = Release|Any CPU
		{63243BB2-7BF5-4B06-8BE9-A41E4B820FBB}.Release|x64.ActiveCfg = Release|Any CPU
		{63243BB2-7BF5-4B06-8BE9-A41E4B820FBB}.Release|x64.Build.0 = Release|Any CPU
		{63243BB2-7BF5-4B06-8BE9-A41E4B820FBB}.Release|x86.ActiveCfg = Release|Any CPU
		{63243BB2-7BF5-4B06-8BE9-A41E4B820FBB}.Release|x86.Build.0 = Release|Any CPU
		{1834E1DA-D490-4BF1-AE46-D7BF9EE8F6CF}.Debug|Any CPU.ActiveCfg = Debug|Any CPU
		{1834E1DA-D490-4BF1-AE46-D7BF9EE8F6CF}.Debug|Any CPU.Build.0 = Debug|Any CPU
		{1834E1DA-D490-4BF1-AE46-D7BF9EE8F6CF}.Debug|x64.ActiveCfg = Debug|Any CPU
		{1834E1DA-D490-4BF1-AE46-D7BF9EE8F6CF}.Debug|x64.Build.0 = Debug|Any CPU
		{1834E1DA-D490-4BF1-AE46-D7BF9EE8F6CF}.Debug|x86.ActiveCfg = Debug|Any CPU
		{1834E1DA-D490-4BF1-AE46-D7BF9EE8F6CF}.Debug|x86.Build.0 = Debug|Any CPU
		{1834E1DA-D490-4BF1-AE46-D7BF9EE8F6CF}.Release|Any CPU.ActiveCfg = Release|Any CPU
		{1834E1DA-D490-4BF1-AE46-D7BF9EE8F6CF}.Release|Any CPU.Build.0 = Release|Any CPU
		{1834E1DA-D490-4BF1-AE46-D7BF9EE8F6CF}.Release|x64.ActiveCfg = Release|Any CPU
		{1834E1DA-D490-4BF1-AE46-D7BF9EE8F6CF}.Release|x64.Build.0 = Release|Any CPU
		{1834E1DA-D490-4BF1-AE46-D7BF9EE8F6CF}.Release|x86.ActiveCfg = Release|Any CPU
		{1834E1DA-D490-4BF1-AE46-D7BF9EE8F6CF}.Release|x86.Build.0 = Release|Any CPU
		{4D33FF4C-0B95-408A-B1EF-624A14287736}.Debug|Any CPU.ActiveCfg = Debug|Any CPU
		{4D33FF4C-0B95-408A-B1EF-624A14287736}.Debug|Any CPU.Build.0 = Debug|Any CPU
		{4D33FF4C-0B95-408A-B1EF-624A14287736}.Debug|x64.ActiveCfg = Debug|Any CPU
		{4D33FF4C-0B95-408A-B1EF-624A14287736}.Debug|x64.Build.0 = Debug|Any CPU
		{4D33FF4C-0B95-408A-B1EF-624A14287736}.Debug|x86.ActiveCfg = Debug|Any CPU
		{4D33FF4C-0B95-408A-B1EF-624A14287736}.Debug|x86.Build.0 = Debug|Any CPU
		{4D33FF4C-0B95-408A-B1EF-624A14287736}.Release|Any CPU.ActiveCfg = Release|Any CPU
		{4D33FF4C-0B95-408A-B1EF-624A14287736}.Release|Any CPU.Build.0 = Release|Any CPU
		{4D33FF4C-0B95-408A-B1EF-624A14287736}.Release|x64.ActiveCfg = Release|Any CPU
		{4D33FF4C-0B95-408A-B1EF-624A14287736}.Release|x64.Build.0 = Release|Any CPU
		{4D33FF4C-0B95-408A-B1EF-624A14287736}.Release|x86.ActiveCfg = Release|Any CPU
		{4D33FF4C-0B95-408A-B1EF-624A14287736}.Release|x86.Build.0 = Release|Any CPU
		{165C299E-E3C7-4D34-9F75-949D11870ADE}.Debug|Any CPU.ActiveCfg = Debug|Any CPU
		{165C299E-E3C7-4D34-9F75-949D11870ADE}.Debug|Any CPU.Build.0 = Debug|Any CPU
		{165C299E-E3C7-4D34-9F75-949D11870ADE}.Debug|x64.ActiveCfg = Debug|Any CPU
		{165C299E-E3C7-4D34-9F75-949D11870ADE}.Debug|x64.Build.0 = Debug|Any CPU
		{165C299E-E3C7-4D34-9F75-949D11870ADE}.Debug|x86.ActiveCfg = Debug|Any CPU
		{165C299E-E3C7-4D34-9F75-949D11870ADE}.Debug|x86.Build.0 = Debug|Any CPU
		{165C299E-E3C7-4D34-9F75-949D11870ADE}.Release|Any CPU.ActiveCfg = Release|Any CPU
		{165C299E-E3C7-4D34-9F75-949D11870ADE}.Release|Any CPU.Build.0 = Release|Any CPU
		{165C299E-E3C7-4D34-9F75-949D11870ADE}.Release|x64.ActiveCfg = Release|Any CPU
		{165C299E-E3C7-4D34-9F75-949D11870ADE}.Release|x64.Build.0 = Release|Any CPU
		{165C299E-E3C7-4D34-9F75-949D11870ADE}.Release|x86.ActiveCfg = Release|Any CPU
		{165C299E-E3C7-4D34-9F75-949D11870ADE}.Release|x86.Build.0 = Release|Any CPU
		{EB730758-C587-45A3-8F34-54BE23DC053E}.Debug|Any CPU.ActiveCfg = Debug|Any CPU
		{EB730758-C587-45A3-8F34-54BE23DC053E}.Debug|Any CPU.Build.0 = Debug|Any CPU
		{EB730758-C587-45A3-8F34-54BE23DC053E}.Debug|x64.ActiveCfg = Debug|Any CPU
		{EB730758-C587-45A3-8F34-54BE23DC053E}.Debug|x64.Build.0 = Debug|Any CPU
		{EB730758-C587-45A3-8F34-54BE23DC053E}.Debug|x86.ActiveCfg = Debug|Any CPU
		{EB730758-C587-45A3-8F34-54BE23DC053E}.Debug|x86.Build.0 = Debug|Any CPU
		{EB730758-C587-45A3-8F34-54BE23DC053E}.Release|Any CPU.ActiveCfg = Release|Any CPU
		{EB730758-C587-45A3-8F34-54BE23DC053E}.Release|Any CPU.Build.0 = Release|Any CPU
		{EB730758-C587-45A3-8F34-54BE23DC053E}.Release|x64.ActiveCfg = Release|Any CPU
		{EB730758-C587-45A3-8F34-54BE23DC053E}.Release|x64.Build.0 = Release|Any CPU
		{EB730758-C587-45A3-8F34-54BE23DC053E}.Release|x86.ActiveCfg = Release|Any CPU
		{EB730758-C587-45A3-8F34-54BE23DC053E}.Release|x86.Build.0 = Release|Any CPU
	EndGlobalSection
	GlobalSection(SolutionProperties) = preSolution
		HideSolutionNode = FALSE
	EndGlobalSection
	GlobalSection(NestedProjects) = preSolution
		{3B865CF2-9A35-45A6-B7CC-BFDF8497159D} = {827E0CD3-B72D-47B6-A68D-7590B98EB39B}
		{10B6A720-93AC-40AC-8F13-DDC1D2678BEF} = {827E0CD3-B72D-47B6-A68D-7590B98EB39B}
		{6E5BA5CA-E15B-405E-969E-CE6E07FD496A} = {827E0CD3-B72D-47B6-A68D-7590B98EB39B}
		{696901AD-5B2A-40E9-8638-FA0158E2273F} = {827E0CD3-B72D-47B6-A68D-7590B98EB39B}
		{6DD4D68C-0352-462B-B2BB-3A802AC5502D} = {827E0CD3-B72D-47B6-A68D-7590B98EB39B}
		{DFFFF103-A8EE-4FA7-9F75-52240724E25B} = {0AB3BF05-4346-4AA6-1389-037BE0695223}
		{675AB718-9081-43C9-BF9B-D3DAD29334A5} = {0AB3BF05-4346-4AA6-1389-037BE0695223}
		{C4D33EC8-8161-400E-A781-37C1AB0BC3E8} = {0AB3BF05-4346-4AA6-1389-037BE0695223}
		{01787F0B-4335-444A-9176-7DB42ECC0C23} = {0AB3BF05-4346-4AA6-1389-037BE0695223}
		{D951469D-7A76-482C-9216-3AF7FB5B5B82} = {0AB3BF05-4346-4AA6-1389-037BE0695223}
		{62F97640-EFCA-45D8-AA4C-1BD6D5C1BB32} = {0AB3BF05-4346-4AA6-1389-037BE0695223}
		{8D27BAFC-A450-4CE3-A109-5B40A1A5D71F} = {827E0CD3-B72D-47B6-A68D-7590B98EB39B}
		{505FCFCB-142C-494F-A0BC-7A77B145AE71} = {827E0CD3-B72D-47B6-A68D-7590B98EB39B}
		{16299748-BD3E-4B4A-99EA-57CB61D292A2} = {827E0CD3-B72D-47B6-A68D-7590B98EB39B}
		{AAC25964-733F-4E62-96C4-AB92B46D30C7} = {0AB3BF05-4346-4AA6-1389-037BE0695223}
		{FC6FEE92-1F04-413F-90BF-A0FA8C54183D} = {0AB3BF05-4346-4AA6-1389-037BE0695223}
		{9E1BBB2E-F955-4A2F-891E-D65DFD2E8F49} = {827E0CD3-B72D-47B6-A68D-7590B98EB39B}
		{754EC3F2-6605-48C8-A222-306CE43A92BB} = {827E0CD3-B72D-47B6-A68D-7590B98EB39B}
		{63243BB2-7BF5-4B06-8BE9-A41E4B820FBB} = {827E0CD3-B72D-47B6-A68D-7590B98EB39B}
		{1834E1DA-D490-4BF1-AE46-D7BF9EE8F6CF} = {0AB3BF05-4346-4AA6-1389-037BE0695223}
		{4D33FF4C-0B95-408A-B1EF-624A14287736} = {0AB3BF05-4346-4AA6-1389-037BE0695223}
		{165C299E-E3C7-4D34-9F75-949D11870ADE} = {0AB3BF05-4346-4AA6-1389-037BE0695223}
		{EB730758-C587-45A3-8F34-54BE23DC053E} = {0AB3BF05-4346-4AA6-1389-037BE0695223}
	EndGlobalSection
EndGlobal
